{
    "_readme": [
        "This file locks the dependencies of your project to a known state",
        "Read more about it at https://getcomposer.org/doc/01-basic-usage.md#installing-dependencies",
        "This file is @generated automatically"
    ],
    "content-hash": "a0dd460ab14e8ab6f81367e90a4c06fd",
    "packages": [
        {
            "name": "linlm/ububs",
            "version": "dev-master",
            "source": {
                "type": "git",
                "url": "https://github.com/linlianmin/ububs.git",
                "reference": "ba18f63c51c9caedf5572ba5a1ba8a1eb4bd597b"
            },
            "dist": {
                "type": "zip",
                "url": "https://api.github.com/repos/linlianmin/ububs/zipball/ba18f63c51c9caedf5572ba5a1ba8a1eb4bd597b",
                "reference": "ba18f63c51c9caedf5572ba5a1ba8a1eb4bd597b",
                "shasum": ""
            },
            "require": {
                "nikic/fast-route": "^1.2",
                "php": ">=7.1.0"
            },
            "type": "library",
            "autoload": {
                "psr-4": {
                    "Ububs\\": "src"
                }
            },
            "notification-url": "https://packagist.org/downloads/",
            "authors": [
                {
                    "name": "linlm",
                    "email": "linlm1994@gmail.com"
                }
            ],
            "description": "this is a framework for swoole",
            "time": "2018-07-02T01:38:21+00:00"
        },
        {
            "name": "nikic/fast-route",
            "version": "v1.3.0",
            "source": {
                "type": "git",
                "url": "https://github.com/nikic/FastRoute.git",
                "reference": "181d480e08d9476e61381e04a71b34dc0432e812"
            },
            "dist": {
                "type": "zip",
                "url": "https://api.github.com/repos/nikic/FastRoute/zipball/181d480e08d9476e61381e04a71b34dc0432e812",
                "reference": "181d480e08d9476e61381e04a71b34dc0432e812",
                "shasum": ""
            },
            "require": {
                "php": ">=5.4.0"
            },
            "require-dev": {
                "phpunit/phpunit": "^4.8.35|~5.7"
            },
            "type": "library",
            "autoload": {
                "psr-4": {
                    "FastRoute\\": "src/"
                },
                "files": [
                    "src/functions.php"
                ]
            },
            "notification-url": "https://packagist.org/downloads/",
            "license": [
                "BSD-3-Clause"
            ],
            "authors": [
                {
                    "name": "Nikita Popov",
                    "email": "nikic@php.net"
                }
            ],
            "description": "Fast request router for PHP",
            "keywords": [
                "router",
                "routing"
            ],
            "time": "2018-02-13T20:26:39+00:00"
        }
    ],
    "packages-dev": [],
    "aliases": [],
    "minimum-stability": "stable",
    "stability-flags": {
        "linlm/ububs": 20
    },
    "prefer-stable": false,
    "prefer-lowest": false,
    "platform": [],
    "platform-dev": []
}
